
Microsoft Visual Studio Solution File, Format Version 12.00
# Visual Studio Version 16
VisualStudioVersion = 16.0.31605.320
MinimumVisualStudioVersion = 10.0.40219.1
Project("{FAE04EC0-301F-11D3-BF4B-00C04F79EFBC}") = "EF_Migrations", "EF_Migrations\EF_Migrations.csproj", "{94E23594-41AA-4187-BB16-26B254FCA514}"
EndProject
Global
	GlobalSection(SolutionConfigurationPlatforms) = preSolution
		Debug|Any CPU = Debug|Any CPU
		Release|Any CPU = Release|Any CPU
	EndGlobalSection
	GlobalSection(ProjectConfigurationPlatforms) = postSolution
		{94E23594-41AA-4187-BB16-26B254FCA514}.Debug|Any CPU.ActiveCfg = Debug|Any CPU
		{94E23594-41AA-4187-BB16-26B254FCA514}.Debug|Any CPU.Build.0 = Debug|Any CPU
		{94E23594-41AA-4187-BB16-26B254FCA514}.Release|Any CPU.ActiveCfg = Release|Any CPU
		{94E23594-41AA-4187-BB16-26B254FCA514}.Release|Any CPU.Build.0 = Release|Any CPU
	EndGlobalSection
	GlobalSection(SolutionProperties) = preSolution
		HideSolutionNode = FALSE
	EndGlobalSection
	GlobalSection(ExtensibilityGlobals) = postSolution
		SolutionGuid = {6A7BF3F9-867C-4A24-BF5E-4DF2D0A807FE}
	EndGlobalSection
EndGlobal
